// !$*UTF8*$!
{
	archiveVersion = 1;
	classes = {
	};
	objectVersion = 46;
	objects = {

/* Begin PBXBuildFile section */
		B6EFEF0E1C3B3D7600A042D5 /* AppDelegate.swift in Sources */ = {isa = PBXBuildFile; fileRef = B6EFEF0D1C3B3D7600A042D5 /* AppDelegate.swift */; };
		B6EFEF101C3B3D7600A042D5 /* pizzaVC.swift in Sources */ = {isa = PBXBuildFile; fileRef = B6EFEF0F1C3B3D7600A042D5 /* pizzaVC.swift */; };
		B6EFEF151C3B3D7600A042D5 /* Assets.xcassets in Resources */ = {isa = PBXBuildFile; fileRef = B6EFEF141C3B3D7600A042D5 /* Assets.xcassets */; };
		B6EFEF181C3B3D7600A042D5 /* LaunchScreen.storyboard in Resources */ = {isa = PBXBuildFile; fileRef = B6EFEF161C3B3D7600A042D5 /* LaunchScreen.storyboard */; };
		B6EFEF201C3B4B4F00A042D5 /* Taman_oVC.swift in Sources */ = {isa = PBXBuildFile; fileRef = B6EFEF1F1C3B4B4F00A042D5 /* Taman_oVC.swift */; };
		B6EFEF241C3B4B6D00A042D5 /* QuesoVC.swift in Sources */ = {isa = PBXBuildFile; fileRef = B6EFEF231C3B4B6D00A042D5 /* QuesoVC.swift */; };
		B6EFEF261C3B4B7E00A042D5 /* MasaVC.swift in Sources */ = {isa = PBXBuildFile; fileRef = B6EFEF251C3B4B7E00A042D5 /* MasaVC.swift */; };
		B6EFEF281C3B4B9000A042D5 /* IngredientesVC.swift in Sources */ = {isa = PBXBuildFile; fileRef = B6EFEF271C3B4B9000A042D5 /* IngredientesVC.swift */; };
		B6EFEF2A1C3B4BAA00A042D5 /* ConfirmacionVC.swift in Sources */ = {isa = PBXBuildFile; fileRef = B6EFEF291C3B4BAA00A042D5 /* ConfirmacionVC.swift */; };
		B6EFEF2C1C3B670100A042D5 /* Main.storyboard in Resources */ = {isa = PBXBuildFile; fileRef = B6EFEF2B1C3B670100A042D5 /* Main.storyboard */; };
/* End PBXBuildFile section */

/* Begin PBXFileReference section */
		B6EFEF0A1C3B3D7600A042D5 /* PizzaPersonalizada.app */ = {isa = PBXFileReference; explicitFileType = wrapper.application; includeInIndex = 0; path = PizzaPersonalizada.app; sourceTree = BUILT_PRODUCTS_DIR; };
		B6EFEF0D1C3B3D7600A042D5 /* AppDelegate.swift */ = {isa = PBXFileReference; lastKnownFileType = sourcecode.swift; path = AppDelegate.swift; sourceTree = "<group>"; };
		B6EFEF0F1C3B3D7600A042D5 /* pizzaVC.swift */ = {isa = PBXFileReference; lastKnownFileType = sourcecode.swift; path = pizzaVC.swift; sourceTree = "<group>"; };
		B6EFEF141C3B3D7600A042D5 /* Assets.xcassets */ = {isa = PBXFileReference; lastKnownFileType = folder.assetcatalog; path = Assets.xcassets; sourceTree = "<group>"; };
		B6EFEF171C3B3D7600A042D5 /* Base */ = {isa = PBXFileReference; lastKnownFileType = file.storyboard; name = Base; path = Base.lproj/LaunchScreen.storyboard; sourceTree = "<group>"; };
		B6EFEF191C3B3D7600A042D5 /* Info.plist */ = {isa = PBXFileReference; lastKnownFileType = text.plist.xml; path = Info.plist; sourceTree = "<group>"; };
		B6EFEF1F1C3B4B4F00A042D5 /* Taman_oVC.swift */ = {isa = PBXFileReference; fileEncoding = 4; lastKnownFileType = sourcecode.swift; path = Taman_oVC.swift; sourceTree = "<group>"; };
		B6EFEF231C3B4B6D00A042D5 /* QuesoVC.swift */ = {isa = PBXFileReference; fileEncoding = 4; lastKnownFileType = sourcecode.swift; path = QuesoVC.swift; sourceTree = "<group>"; };
		B6EFEF251C3B4B7E00A042D5 /* MasaVC.swift */ = {isa = PBXFileReference; fileEncoding = 4; lastKnownFileType = sourcecode.swift; path = MasaVC.swift; sourceTree = "<group>"; };
		B6EFEF271C3B4B9000A042D5 /* IngredientesVC.swift */ = {isa = PBXFileReference; fileEncoding = 4; lastKnownFileType = sourcecode.swift; path = IngredientesVC.swift; sourceTree = "<group>"; };
		B6EFEF291C3B4BAA00A042D5 /* ConfirmacionVC.swift */ = {isa = PBXFileReference; fileEncoding = 4; lastKnownFileType = sourcecode.swift; path = ConfirmacionVC.swift; sourceTree = "<group>"; };
		B6EFEF2B1C3B670100A042D5 /* Main.storyboard */ = {isa = PBXFileReference; fileEncoding = 4; lastKnownFileType = file.storyboard; path = Main.storyboard; sourceTree = "<group>"; };
/* End PBXFileReference section */

/* Begin PBXFrameworksBuildPhase section */
		B6EFEF071C3B3D7600A042D5 /* Frameworks */ = {
			isa = PBXFrameworksBuildPhase;
			buildActionMask = 2147483647;
			files = (
			);
			runOnlyForDeploymentPostprocessing = 0;
		};
/* End PBXFrameworksBuildPhase section */

/* Begin PBXGroup section */
		B6EFEF011C3B3D7600A042D5 = {
			isa = PBXGroup;
			children = (
				B6EFEF0C1C3B3D7600A042D5 /* PizzaPersonalizada */,
				B6EFEF0B1C3B3D7600A042D5 /* Products */,
			);
			sourceTree = "<group>";
		};
		B6EFEF0B1C3B3D7600A042D5 /* Products */ = {
			isa = PBXGroup;
			children = (
				B6EFEF0A1C3B3D7600A042D5 /* PizzaPersonalizada.app */,
			);
			name = Products;
			sourceTree = "<group>";
		};
		B6EFEF0C1C3B3D7600A042D5 /* PizzaPersonalizada */ = {
			isa = PBXGroup;
			children = (
				B6EFEF0D1C3B3D7600A042D5 /* AppDelegate.swift */,
				B6EFEF0F1C3B3D7600A042D5 /* pizzaVC.swift */,
				B6EFEF141C3B3D7600A042D5 /* Assets.xcassets */,
				B6EFEF161C3B3D7600A042D5 /* LaunchScreen.storyboard */,
				B6EFEF191C3B3D7600A042D5 /* Info.plist */,
				B6EFEF1F1C3B4B4F00A042D5 /* Taman_oVC.swift */,
				B6EFEF251C3B4B7E00A042D5 /* MasaVC.swift */,
				B6EFEF231C3B4B6D00A042D5 /* QuesoVC.swift */,
				B6EFEF271C3B4B9000A042D5 /* IngredientesVC.swift */,
				B6EFEF291C3B4BAA00A042D5 /* ConfirmacionVC.swift */,
				B6EFEF2B1C3B670100A042D5 /* Main.storyboard */,
			);
			path = PizzaPersonalizada;
			sourceTree = "<group>";
		};
/* End PBXGroup section */

/* Begin PBXNativeTarget section */
		B6EFEF091C3B3D7600A042D5 /* PizzaPersonalizada */ = {
			isa = PBXNativeTarget;
			buildConfigurationList = B6EFEF1C1C3B3D7600A042D5 /* Build configuration list for PBXNativeTarget "PizzaPersonalizada" */;
			buildPhases = (
				B6EFEF061C3B3D7600A042D5 /* Sources */,
				B6EFEF071C3B3D7600A042D5 /* Frameworks */,
				B6EFEF081C3B3D7600A042D5 /* Resources */,
			);
			buildRules = (
			);
			dependencies = (
			);
			name = PizzaPersonalizada;
			productName = PizzaPersonalizada;
			productReference = B6EFEF0A1C3B3D7600A042D5 /* PizzaPersonalizada.app */;
			productType = "com.apple.product-type.application";
		};
/* End PBXNativeTarget section */

/* Begin PBXProject section */
		B6EFEF021C3B3D7600A042D5 /* Project object */ = {
			isa = PBXProject;
			attributes = {
				LastSwiftUpdateCheck = 0720;
				LastUpgradeCheck = 0720;
				ORGANIZATIONNAME = Mariona;
				TargetAttributes = {
					B6EFEF091C3B3D7600A042D5 = {
						CreatedOnToolsVersion = 7.2;
						DevelopmentTeam = J6MNCELAFC;
					};
				};
			};
			buildConfigurationList = B6EFEF051C3B3D7600A042D5 /* Build configuration list for PBXProject "PizzaPersonalizada" */;
			compatibilityVersion = "Xcode 3.2";
			developmentRegion = English;
			hasScannedForEncodings = 0;
			knownRegions = (
				en,
				Base,
			);
			mainGroup = B6EFEF011C3B3D7600A042D5;
			productRefGroup = B6EFEF0B1C3B3D7600A042D5 /* Products */;
			projectDirPath = "";
			projectRoot = "";
			targets = (
				B6EFEF091C3B3D7600A042D5 /* PizzaPersonalizada */,
			);
		};
/* End PBXProject section */

/* Begin PBXResourcesBuildPhase section */
		B6EFEF081C3B3D7600A042D5 /* Resources */ = {
			isa = PBXResourcesBuildPhase;
			buildActionMask = 2147483647;
			files = (
				B6EFEF181C3B3D7600A042D5 /* LaunchScreen.storyboard in Resources */,
				B6EFEF151C3B3D7600A042D5 /* Assets.xcassets in Resources */,
				B6EFEF2C1C3B670100A042D5 /* Main.storyboard in Resources */,
			);
			runOnlyForDeploymentPostprocessing = 0;
		};
/* End PBXResourcesBuildPhase section */

/* Begin PBXSourcesBuildPhase section */
		B6EFEF061C3B3D7600A042D5 /* Sources */ = {
			isa = PBXSourcesBuildPhase;
			buildActionMask = 2147483647;
			files = (
				B6EFEF201C3B4B4F00A042D5 /* Taman_oVC.swift in Sources */,
				B6EFEF101C3B3D7600A042D5 /* pizzaVC.swift in Sources */,
				B6EFEF241C3B4B6D00A042D5 /* QuesoVC.swift in Sources */,
				B6EFEF2A1C3B4BAA00A042D5 /* ConfirmacionVC.swift in Sources */,
				B6EFEF281C3B4B9000A042D5 /* IngredientesVC.swift in Sources */,
				B6EFEF261C3B4B7E00A042D5 /* MasaVC.swift in Sources */,
				B6EFEF0E1C3B3D7600A042D5 /* AppDelegate.swift in Sources */,
			);
			runOnlyForDeploymentPostprocessing = 0;
		};
/* End PBXSourcesBuildPhase section */

/* Begin PBXVariantGroup section */
		B6EFEF161C3B3D7600A042D5 /* LaunchScreen.storyboard */ = {
			isa = PBXVariantGroup;
			children = (
				B6EFEF171C3B3D7600A042D5 /* Base */,
			);
			name = LaunchScreen.storyboard;
			sourceTree = "<group>";
		};
/* End PBXVariantGroup section */

/* Begin XCBuildConfiguration section */
		B6EFEF1A1C3B3D7600A042D5 /* Debug */ = {
			isa = XCBuildConfiguration;
			buildSettings = {
				ALWAYS_SEARCH_USER_PATHS = NO;
				CLANG_CXX_LANGUAGE_STANDARD = "gnu++0x";
				CLANG_CXX_LIBRARY = "libc++";
				CLANG_ENABLE_MODULES = YES;
				CLANG_ENABLE_OBJC_ARC = YES;
				CLANG_WARN_BOOL_CONVERSION = YES;
				CLANG_WARN_CONSTANT_CONVERSION = YES;
				CLANG_WARN_DIRECT_OBJC_ISA_USAGE = YES_ERROR;
				CLANG_WARN_EMPTY_BODY = YES;
				CLANG_WARN_ENUM_CONVERSION = YES;
				CLANG_WARN_INT_CONVERSION = YES;
				CLANG_WARN_OBJC_ROOT_CLASS = YES_ERROR;
				CLANG_WARN_UNREACHABLE_CODE = YES;
				CLANG_WARN__DUPLICATE_METHOD_MATCH = YES;
				"CODE_SIGN_IDENTITY[sdk=iphoneos*]" = "iPhone Developer";
				COPY_PHASE_STRIP = NO;
				DEBUG_INFORMATION_FORMAT = dwarf;
				ENABLE_STRICT_OBJC_MSGSEND = YES;
				ENABLE_TESTABILITY = YES;
				GCC_C_LANGUAGE_STANDARD = gnu99;
				GCC_DYNAMIC_NO_PIC = NO;
				GCC_NO_COMMON_BLOCKS = YES;
				GCC_OPTIMIZATION_LEVEL = 0;
				GCC_PREPROCESSOR_DEFINITIONS = (
					"DEBUG=1",
					"$(inherited)",
				);
				GCC_WARN_64_TO_32_BIT_CONVERSION = YES;
				GCC_WARN_ABOUT_RETURN_TYPE = YES_ERROR;
				GCC_WARN_UNDECLARED_SELECTOR = YES;
				GCC_WARN_UNINITIALIZED_AUTOS = YES_AGGRESSIVE;
				GCC_WARN_UNUSED_FUNCTION = YES;
				GCC_WARN_UNUSED_VARIABLE = YES;
				IPHONEOS_DEPLOYMENT_TARGET = 9.2;
				MTL_ENABLE_DEBUG_INFO = YES;
				ONLY_ACTIVE_ARCH = YES;
				SDKROOT = iphoneos;
				SWIFT_OPTIMIZATION_LEVEL = "-Onone";
			};
			name = Debug;
		};
		B6EFEF1B1C3B3D7600A042D5 /* Release */ = {
			isa = XCBuildConfiguration;
			buildSettings = {
				ALWAYS_SEARCH_USER_PATHS = NO;
				CLANG_CXX_LANGUAGE_STANDARD = "gnu++0x";
				CLANG_CXX_LIBRARY = "libc++";
				CLANG_ENABLE_MODULES = YES;
				CLANG_ENABLE_OBJC_ARC = YES;
				CLANG_WARN_BOOL_CONVERSION = YES;
				CLANG_WARN_CONSTANT_CONVERSION = YES;
				CLANG_WARN_DIRECT_OBJC_ISA_USAGE = YES_ERROR;
				CLANG_WARN_EMPTY_BODY = YES;
				CLANG_WARN_ENUM_CONVERSION = YES;
				CLANG_WARN_INT_CONVERSION = YES;
				CLANG_WARN_OBJC_ROOT_CLASS = YES_ERROR;
				CLANG_WARN_UNREACHABLE_CODE = YES;
				CLANG_WARN__DUPLICATE_METHOD_MATCH = YES;
				"CODE_SIGN_IDENTITY[sdk=iphoneos*]" = "iPhone Developer";
				COPY_PHASE_STRIP = NO;
				DEBUG_INFORMATION_FORMAT = "dwarf-with-dsym";
				ENABLE_NS_ASSERTIONS = NO;
				ENABLE_STRICT_OBJC_MSGSEND = YES;
				GCC_C_LANGUAGE_STANDARD = gnu99;
				GCC_NO_COMMON_BLOCKS = YES;
				GCC_WARN_64_TO_32_BIT_CONVERSION = YES;
				GCC_WARN_ABOUT_RETURN_TYPE = YES_ERROR;
				GCC_WARN_UNDECLARED_SELECTOR = YES;
				GCC_WARN_UNINITIALIZED_AUTOS = YES_AGGRESSIVE;
				GCC_WARN_UNUSED_FUNCTION = YES;
				GCC_WARN_UNUSED_VARIABLE = YES;
				IPHONEOS_DEPLOYMENT_TARGET = 9.2;
				MTL_ENABLE_DEBUG_INFO = NO;
				SDKROOT = iphoneos;
				VALIDATE_PRODUCT = YES;
			};
			name = Release;
		};
		B6EFEF1D1C3B3D7600A042D5 /* Debug */ = {
			isa = XCBuildConfiguration;
			buildSettings = {
				ASSETCATALOG_COMPILER_APPICON_NAME = AppIcon;
				INFOPLIST_FILE = PizzaPersonalizada/Info.plist;
				LD_RUNPATH_SEARCH_PATHS = "$(inherited) @executable_path/Frameworks";
				PRODUCT_BUNDLE_IDENTIFIER = cat.marionaroca.PizzaPersonalizada;
				PRODUCT_NAME = "$(TARGET_NAME)";
			};
			name = Debug;
		};
		B6EFEF1E1C3B3D7600A042D5 /* Release */ = {
			isa = XCBuildConfiguration;
			buildSettings = {
				ASSETCATALOG_COMPILER_APPICON_NAME = AppIcon;
				INFOPLIST_FILE = PizzaPersonalizada/Info.plist;
				LD_RUNPATH_SEARCH_PATHS = "$(inherited) @executable_path/Frameworks";
				PRODUCT_BUNDLE_IDENTIFIER = cat.marionaroca.PizzaPersonalizada;
				PRODUCT_NAME = "$(TARGET_NAME)";
			};
			name = Release;
		};
/* End XCBuildConfiguration section */

/* Begin XCConfigurationList section */
		B6EFEF051C3B3D7600A042D5 /* Build configuration list for PBXProject "PizzaPersonalizada" */ = {
			isa = XCConfigurationList;
			buildConfigurations = (
				B6EFEF1A1C3B3D7600A042D5 /* Debug */,
				B6EFEF1B1C3B3D7600A042D5 /* Release */,
			);
			defaultConfigurationIsVisible = 0;
			defaultConfigurationName = Release;
		};
		B6EFEF1C1C3B3D7600A042D5 /* Build configuration list for PBXNativeTarget "PizzaPersonalizada" */ = {
			isa = XCConfigurationList;
			buildConfigurations = (
				B6EFEF1D1C3B3D7600A042D5 /* Debug */,
				B6EFEF1E1C3B3D7600A042D5 /* Release */,
			);
			defaultConfigurationIsVisible = 0;
			defaultConfigurationName = Release;
		};
/* End XCConfigurationList section */
	};
	rootObject = B6EFEF021C3B3D7600A042D5 /* Project object */;
}
